// !$*UTF8*$!
{
	archiveVersion = 1;
	classes = {
	};
	objectVersion = 56;
	objects = {

/* Begin PBXBuildFile section */
		D684F3462CABC494005C66B6 /* AppDelegate.m in Sources */ = {isa = PBXBuildFile; fileRef = D684F3452CABC494005C66B6 /* AppDelegate.m */; };
		D684F3492CABC494005C66B6 /* SceneDelegate.m in Sources */ = {isa = PBXBuildFile; fileRef = D684F3482CABC494005C66B6 /* SceneDelegate.m */; };
		D684F34C2CABC494005C66B6 /* ViewController.m in Sources */ = {isa = PBXBuildFile; fileRef = D684F34B2CABC494005C66B6 /* ViewController.m */; };
		D684F34F2CABC494005C66B6 /* Base in Resources */ = {isa = PBXBuildFile; fileRef = D684F34E2CABC494005C66B6 /* Base */; };
		D684F3512CABC496005C66B6 /* Assets.xcassets in Resources */ = {isa = PBXBuildFile; fileRef = D684F3502CABC496005C66B6 /* Assets.xcassets */; };
		D684F3542CABC496005C66B6 /* Base in Resources */ = {isa = PBXBuildFile; fileRef = D684F3532CABC496005C66B6 /* Base */; };
		D684F3572CABC496005C66B6 /* main.m in Sources */ = {isa = PBXBuildFile; fileRef = D684F3562CABC496005C66B6 /* main.m */; };
		D684F3612CABC496005C66B6 /* ObjectiveCPageViewControllerTests.m in Sources */ = {isa = PBXBuildFile; fileRef = D684F3602CABC496005C66B6 /* ObjectiveCPageViewControllerTests.m */; };
		D684F36B2CABC496005C66B6 /* ObjectiveCPageViewControllerUITests.m in Sources */ = {isa = PBXBuildFile; fileRef = D684F36A2CABC496005C66B6 /* ObjectiveCPageViewControllerUITests.m */; };
		D684F36D2CABC496005C66B6 /* ObjectiveCPageViewControllerUITestsLaunchTests.m in Sources */ = {isa = PBXBuildFile; fileRef = D684F36C2CABC496005C66B6 /* ObjectiveCPageViewControllerUITestsLaunchTests.m */; };
		D684F37B2CABC6C7005C66B6 /* PageViewController.m in Sources */ = {isa = PBXBuildFile; fileRef = D684F37A2CABC6C7005C66B6 /* PageViewController.m */; };
/* End PBXBuildFile section */

/* Begin PBXContainerItemProxy section */
		D684F35D2CABC496005C66B6 /* PBXContainerItemProxy */ = {
			isa = PBXContainerItemProxy;
			containerPortal = D684F3392CABC493005C66B6 /* Project object */;
			proxyType = 1;
			remoteGlobalIDString = D684F3402CABC493005C66B6;
			remoteInfo = ObjectiveCPageViewController;
		};
		D684F3672CABC496005C66B6 /* PBXContainerItemProxy */ = {
			isa = PBXContainerItemProxy;
			containerPortal = D684F3392CABC493005C66B6 /* Project object */;
			proxyType = 1;
			remoteGlobalIDString = D684F3402CABC493005C66B6;
			remoteInfo = ObjectiveCPageViewController;
		};
/* End PBXContainerItemProxy section */

/* Begin PBXFileReference section */
		D684F3412CABC493005C66B6 /* ObjectiveCPageViewController.app */ = {isa = PBXFileReference; explicitFileType = wrapper.application; includeInIndex = 0; path = ObjectiveCPageViewController.app; sourceTree = BUILT_PRODUCTS_DIR; };
		D684F3442CABC494005C66B6 /* AppDelegate.h */ = {isa = PBXFileReference; lastKnownFileType = sourcecode.c.h; path = AppDelegate.h; sourceTree = "<group>"; };
		D684F3452CABC494005C66B6 /* AppDelegate.m */ = {isa = PBXFileReference; lastKnownFileType = sourcecode.c.objc; path = AppDelegate.m; sourceTree = "<group>"; };
		D684F3472CABC494005C66B6 /* SceneDelegate.h */ = {isa = PBXFileReference; lastKnownFileType = sourcecode.c.h; path = SceneDelegate.h; sourceTree = "<group>"; };
		D684F3482CABC494005C66B6 /* SceneDelegate.m */ = {isa = PBXFileReference; lastKnownFileType = sourcecode.c.objc; path = SceneDelegate.m; sourceTree = "<group>"; };
		D684F34A2CABC494005C66B6 /* ViewController.h */ = {isa = PBXFileReference; lastKnownFileType = sourcecode.c.h; path = ViewController.h; sourceTree = "<group>"; };
		D684F34B2CABC494005C66B6 /* ViewController.m */ = {isa = PBXFileReference; lastKnownFileType = sourcecode.c.objc; path = ViewController.m; sourceTree = "<group>"; };
		D684F34E2CABC494005C66B6 /* Base */ = {isa = PBXFileReference; lastKnownFileType = file.storyboard; name = Base; path = Base.lproj/Main.storyboard; sourceTree = "<group>"; };
		D684F3502CABC496005C66B6 /* Assets.xcassets */ = {isa = PBXFileReference; lastKnownFileType = folder.assetcatalog; path = Assets.xcassets; sourceTree = "<group>"; };
		D684F3532CABC496005C66B6 /* Base */ = {isa = PBXFileReference; lastKnownFileType = file.storyboard; name = Base; path = Base.lproj/LaunchScreen.storyboard; sourceTree = "<group>"; };
		D684F3552CABC496005C66B6 /* Info.plist */ = {isa = PBXFileReference; lastKnownFileType = text.plist.xml; path = Info.plist; sourceTree = "<group>"; };
		D684F3562CABC496005C66B6 /* main.m */ = {isa = PBXFileReference; lastKnownFileType = sourcecode.c.objc; path = main.m; sourceTree = "<group>"; };
		D684F35C2CABC496005C66B6 /* ObjectiveCPageViewControllerTests.xctest */ = {isa = PBXFileReference; explicitFileType = wrapper.cfbundle; includeInIndex = 0; path = ObjectiveCPageViewControllerTests.xctest; sourceTree = BUILT_PRODUCTS_DIR; };
		D684F3602CABC496005C66B6 /* ObjectiveCPageViewControllerTests.m */ = {isa = PBXFileReference; lastKnownFileType = sourcecode.c.objc; path = ObjectiveCPageViewControllerTests.m; sourceTree = "<group>"; };
		D684F3662CABC496005C66B6 /* ObjectiveCPageViewControllerUITests.xctest */ = {isa = PBXFileReference; explicitFileType = wrapper.cfbundle; includeInIndex = 0; path = ObjectiveCPageViewControllerUITests.xctest; sourceTree = BUILT_PRODUCTS_DIR; };
		D684F36A2CABC496005C66B6 /* ObjectiveCPageViewControllerUITests.m */ = {isa = PBXFileReference; lastKnownFileType = sourcecode.c.objc; path = ObjectiveCPageViewControllerUITests.m; sourceTree = "<group>"; };
		D684F36C2CABC496005C66B6 /* ObjectiveCPageViewControllerUITestsLaunchTests.m */ = {isa = PBXFileReference; lastKnownFileType = sourcecode.c.objc; path = ObjectiveCPageViewControllerUITestsLaunchTests.m; sourceTree = "<group>"; };
		D684F3792CABC6C7005C66B6 /* PageViewController.h */ = {isa = PBXFileReference; lastKnownFileType = sourcecode.c.h; path = PageViewController.h; sourceTree = "<group>"; };
		D684F37A2CABC6C7005C66B6 /* PageViewController.m */ = {isa = PBXFileReference; lastKnownFileType = sourcecode.c.objc; path = PageViewController.m; sourceTree = "<group>"; };
/* End PBXFileReference section */

/* Begin PBXFrameworksBuildPhase section */
		D684F33E2CABC493005C66B6 /* Frameworks */ = {
			isa = PBXFrameworksBuildPhase;
			buildActionMask = 2147483647;
			files = (
			);
			runOnlyForDeploymentPostprocessing = 0;
		};
		D684F3592CABC496005C66B6 /* Frameworks */ = {
			isa = PBXFrameworksBuildPhase;
			buildActionMask = 2147483647;
			files = (
			);
			runOnlyForDeploymentPostprocessing = 0;
		};
		D684F3632CABC496005C66B6 /* Frameworks */ = {
			isa = PBXFrameworksBuildPhase;
			buildActionMask = 2147483647;
			files = (
			);
			runOnlyForDeploymentPostprocessing = 0;
		};
/* End PBXFrameworksBuildPhase section */

/* Begin PBXGroup section */
		D684F3382CABC493005C66B6 = {
			isa = PBXGroup;
			children = (
				D684F3432CABC494005C66B6 /* ObjectiveCPageViewController */,
				D684F35F2CABC496005C66B6 /* ObjectiveCPageViewControllerTests */,
				D684F3692CABC496005C66B6 /* ObjectiveCPageViewControllerUITests */,
				D684F3422CABC493005C66B6 /* Products */,
			);
			sourceTree = "<group>";
		};
		D684F3422CABC493005C66B6 /* Products */ = {
			isa = PBXGroup;
			children = (
				D684F3412CABC493005C66B6 /* ObjectiveCPageViewController.app */,
				D684F35C2CABC496005C66B6 /* ObjectiveCPageViewControllerTests.xctest */,
				D684F3662CABC496005C66B6 /* ObjectiveCPageViewControllerUITests.xctest */,
			);
			name = Products;
			sourceTree = "<group>";
		};
		D684F3432CABC494005C66B6 /* ObjectiveCPageViewController */ = {
			isa = PBXGroup;
			children = (
				D684F3442CABC494005C66B6 /* AppDelegate.h */,
				D684F3452CABC494005C66B6 /* AppDelegate.m */,
				D684F3472CABC494005C66B6 /* SceneDelegate.h */,
				D684F3482CABC494005C66B6 /* SceneDelegate.m */,
				D684F34A2CABC494005C66B6 /* ViewController.h */,
				D684F34B2CABC494005C66B6 /* ViewController.m */,
				D684F34D2CABC494005C66B6 /* Main.storyboard */,
				D684F3502CABC496005C66B6 /* Assets.xcassets */,
				D684F3522CABC496005C66B6 /* LaunchScreen.storyboard */,
				D684F3552CABC496005C66B6 /* Info.plist */,
				D684F3562CABC496005C66B6 /* main.m */,
				D684F3792CABC6C7005C66B6 /* PageViewController.h */,
				D684F37A2CABC6C7005C66B6 /* PageViewController.m */,
			);
			path = ObjectiveCPageViewController;
			sourceTree = "<group>";
		};
		D684F35F2CABC496005C66B6 /* ObjectiveCPageViewControllerTests */ = {
			isa = PBXGroup;
			children = (
				D684F3602CABC496005C66B6 /* ObjectiveCPageViewControllerTests.m */,
			);
			path = ObjectiveCPageViewControllerTests;
			sourceTree = "<group>";
		};
		D684F3692CABC496005C66B6 /* ObjectiveCPageViewControllerUITests */ = {
			isa = PBXGroup;
			children = (
				D684F36A2CABC496005C66B6 /* ObjectiveCPageViewControllerUITests.m */,
				D684F36C2CABC496005C66B6 /* ObjectiveCPageViewControllerUITestsLaunchTests.m */,
			);
			path = ObjectiveCPageViewControllerUITests;
			sourceTree = "<group>";
		};
/* End PBXGroup section */

/* Begin PBXNativeTarget section */
		D684F3402CABC493005C66B6 /* ObjectiveCPageViewController */ = {
			isa = PBXNativeTarget;
			buildConfigurationList = D684F3702CABC496005C66B6 /* Build configuration list for PBXNativeTarget "ObjectiveCPageViewController" */;
			buildPhases = (
				D684F33D2CABC493005C66B6 /* Sources */,
				D684F33E2CABC493005C66B6 /* Frameworks */,
				D684F33F2CABC493005C66B6 /* Resources */,
			);
			buildRules = (
			);
			dependencies = (
			);
			name = ObjectiveCPageViewController;
			productName = ObjectiveCPageViewController;
			productReference = D684F3412CABC493005C66B6 /* ObjectiveCPageViewController.app */;
			productType = "com.apple.product-type.application";
		};
		D684F35B2CABC496005C66B6 /* ObjectiveCPageViewControllerTests */ = {
			isa = PBXNativeTarget;
			buildConfigurationList = D684F3732CABC496005C66B6 /* Build configuration list for PBXNativeTarget "ObjectiveCPageViewControllerTests" */;
			buildPhases = (
				D684F3582CABC496005C66B6 /* Sources */,
				D684F3592CABC496005C66B6 /* Frameworks */,
				D684F35A2CABC496005C66B6 /* Resources */,
			);
			buildRules = (
			);
			dependencies = (
				D684F35E2CABC496005C66B6 /* PBXTargetDependency */,
			);
			name = ObjectiveCPageViewControllerTests;
			productName = ObjectiveCPageViewControllerTests;
			productReference = D684F35C2CABC496005C66B6 /* ObjectiveCPageViewControllerTests.xctest */;
			productType = "com.apple.product-type.bundle.unit-test";
		};
		D684F3652CABC496005C66B6 /* ObjectiveCPageViewControllerUITests */ = {
			isa = PBXNativeTarget;
			buildConfigurationList = D684F3762CABC496005C66B6 /* Build configuration list for PBXNativeTarget "ObjectiveCPageViewControllerUITests" */;
			buildPhases = (
				D684F3622CABC496005C66B6 /* Sources */,
				D684F3632CABC496005C66B6 /* Frameworks */,
				D684F3642CABC496005C66B6 /* Resources */,
			);
			buildRules = (
			);
			dependencies = (
				D684F3682CABC496005C66B6 /* PBXTargetDependency */,
			);
			name = ObjectiveCPageViewControllerUITests;
			productName = ObjectiveCPageViewControllerUITests;
			productReference = D684F3662CABC496005C66B6 /* ObjectiveCPageViewControllerUITests.xctest */;
			productType = "com.apple.product-type.bundle.ui-testing";
		};
/* End PBXNativeTarget section */

/* Begin PBXProject section */
		D684F3392CABC493005C66B6 /* Project object */ = {
			isa = PBXProject;
			attributes = {
				BuildIndependentTargetsInParallel = 1;
				LastUpgradeCheck = 1540;
				TargetAttributes = {
					D684F3402CABC493005C66B6 = {
						CreatedOnToolsVersion = 15.4;
					};
					D684F35B2CABC496005C66B6 = {
						CreatedOnToolsVersion = 15.4;
						TestTargetID = D684F3402CABC493005C66B6;
					};
					D684F3652CABC496005C66B6 = {
						CreatedOnToolsVersion = 15.4;
						TestTargetID = D684F3402CABC493005C66B6;
					};
				};
			};
			buildConfigurationList = D684F33C2CABC493005C66B6 /* Build configuration list for PBXProject "ObjectiveCPageViewController" */;
			compatibilityVersion = "Xcode 14.0";
			developmentRegion = en;
			hasScannedForEncodings = 0;
			knownRegions = (
				en,
				Base,
			);
			mainGroup = D684F3382CABC493005C66B6;
			productRefGroup = D684F3422CABC493005C66B6 /* Products */;
			projectDirPath = "";
			projectRoot = "";
			targets = (
				D684F3402CABC493005C66B6 /* ObjectiveCPageViewController */,
				D684F35B2CABC496005C66B6 /* ObjectiveCPageViewControllerTests */,
				D684F3652CABC496005C66B6 /* ObjectiveCPageViewControllerUITests */,
			);
		};
/* End PBXProject section */

/* Begin PBXResourcesBuildPhase section */
		D684F33F2CABC493005C66B6 /* Resources */ = {
			isa = PBXResourcesBuildPhase;
			buildActionMask = 2147483647;
			files = (
				D684F3512CABC496005C66B6 /* Assets.xcassets in Resources */,
				D684F3542CABC496005C66B6 /* Base in Resources */,
				D684F34F2CABC494005C66B6 /* Base in Resources */,
			);
			runOnlyForDeploymentPostprocessing = 0;
		};
		D684F35A2CABC496005C66B6 /* Resources */ = {
			isa = PBXResourcesBuildPhase;
			buildActionMask = 2147483647;
			files = (
			);
			runOnlyForDeploymentPostprocessing = 0;
		};
		D684F3642CABC496005C66B6 /* Resources */ = {
			isa = PBXResourcesBuildPhase;
			buildActionMask = 2147483647;
			files = (
			);
			runOnlyForDeploymentPostprocessing = 0;
		};
/* End PBXResourcesBuildPhase section */

/* Begin PBXSourcesBuildPhase section */
		D684F33D2CABC493005C66B6 /* Sources */ = {
			isa = PBXSourcesBuildPhase;
			buildActionMask = 2147483647;
			files = (
				D684F34C2CABC494005C66B6 /* ViewController.m in Sources */,
				D684F3462CABC494005C66B6 /* AppDelegate.m in Sources */,
				D684F3572CABC496005C66B6 /* main.m in Sources */,
				D684F37B2CABC6C7005C66B6 /* PageViewController.m in Sources */,
				D684F3492CABC494005C66B6 /* SceneDelegate.m in Sources */,
			);
			runOnlyForDeploymentPostprocessing = 0;
		};
		D684F3582CABC496005C66B6 /* Sources */ = {
			isa = PBXSourcesBuildPhase;
			buildActionMask = 2147483647;
			files = (
				D684F3612CABC496005C66B6 /* ObjectiveCPageViewControllerTests.m in Sources */,
			);
			runOnlyForDeploymentPostprocessing = 0;
		};
		D684F3622CABC496005C66B6 /* Sources */ = {
			isa = PBXSourcesBuildPhase;
			buildActionMask = 2147483647;
			files = (
				D684F36D2CABC496005C66B6 /* ObjectiveCPageViewControllerUITestsLaunchTests.m in Sources */,
				D684F36B2CABC496005C66B6 /* ObjectiveCPageViewControllerUITests.m in Sources */,
			);
			runOnlyForDeploymentPostprocessing = 0;
		};
/* End PBXSourcesBuildPhase section */

/* Begin PBXTargetDependency section */
		D684F35E2CABC496005C66B6 /* PBXTargetDependency */ = {
			isa = PBXTargetDependency;
			target = D684F3402CABC493005C66B6 /* ObjectiveCPageViewController */;
			targetProxy = D684F35D2CABC496005C66B6 /* PBXContainerItemProxy */;
		};
		D684F3682CABC496005C66B6 /* PBXTargetDependency */ = {
			isa = PBXTargetDependency;
			target = D684F3402CABC493005C66B6 /* ObjectiveCPageViewController */;
			targetProxy = D684F3672CABC496005C66B6 /* PBXContainerItemProxy */;
		};
/* End PBXTargetDependency section */

/* Begin PBXVariantGroup section */
		D684F34D2CABC494005C66B6 /* Main.storyboard */ = {
			isa = PBXVariantGroup;
			children = (
				D684F34E2CABC494005C66B6 /* Base */,
			);
			name = Main.storyboard;
			sourceTree = "<group>";
		};
		D684F3522CABC496005C66B6 /* LaunchScreen.storyboard */ = {
			isa = PBXVariantGroup;
			children = (
				D684F3532CABC496005C66B6 /* Base */,
			);
			name = LaunchScreen.storyboard;
			sourceTree = "<group>";
		};
/* End PBXVariantGroup section */

/* Begin XCBuildConfiguration section */
		D684F36E2CABC496005C66B6 /* Debug */ = {
			isa = XCBuildConfiguration;
			buildSettings = {
				ALWAYS_SEARCH_USER_PATHS = NO;
				ASSETCATALOG_COMPILER_GENERATE_SWIFT_ASSET_SYMBOL_EXTENSIONS = YES;
				CLANG_ANALYZER_NONNULL = YES;
				CLANG_ANALYZER_NUMBER_OBJECT_CONVERSION = YES_AGGRESSIVE;
				CLANG_CXX_LANGUAGE_STANDARD = "gnu++20";
				CLANG_ENABLE_MODULES = YES;
				CLANG_ENABLE_OBJC_ARC = YES;
				CLANG_ENABLE_OBJC_WEAK = YES;
				CLANG_WARN_BLOCK_CAPTURE_AUTORELEASING = YES;
				CLANG_WARN_BOOL_CONVERSION = YES;
				CLANG_WARN_COMMA = YES;
				CLANG_WARN_CONSTANT_CONVERSION = YES;
				CLANG_WARN_DEPRECATED_OBJC_IMPLEMENTATIONS = YES;
				CLANG_WARN_DIRECT_OBJC_ISA_USAGE = YES_ERROR;
				CLANG_WARN_DOCUMENTATION_COMMENTS = YES;
				CLANG_WARN_EMPTY_BODY = YES;
				CLANG_WARN_ENUM_CONVERSION = YES;
				CLANG_WARN_INFINITE_RECURSION = YES;
				CLANG_WARN_INT_CONVERSION = YES;
				CLANG_WARN_NON_LITERAL_NULL_CONVERSION = YES;
				CLANG_WARN_OBJC_IMPLICIT_RETAIN_SELF = YES;
				CLANG_WARN_OBJC_LITERAL_CONVERSION = YES;
				CLANG_WARN_OBJC_ROOT_CLASS = YES_ERROR;
				CLANG_WARN_QUOTED_INCLUDE_IN_FRAMEWORK_HEADER = YES;
				CLANG_WARN_RANGE_LOOP_ANALYSIS = YES;
				CLANG_WARN_STRICT_PROTOTYPES = YES;
				CLANG_WARN_SUSPICIOUS_MOVE = YES;
				CLANG_WARN_UNGUARDED_AVAILABILITY = YES_AGGRESSIVE;
				CLANG_WARN_UNREACHABLE_CODE = YES;
				CLANG_WARN__DUPLICATE_METHOD_MATCH = YES;
				COPY_PHASE_STRIP = NO;
				DEBUG_INFORMATION_FORMAT = dwarf;
				ENABLE_STRICT_OBJC_MSGSEND = YES;
				ENABLE_TESTABILITY = YES;
				ENABLE_USER_SCRIPT_SANDBOXING = YES;
				GCC_C_LANGUAGE_STANDARD = gnu17;
				GCC_DYNAMIC_NO_PIC = NO;
				GCC_NO_COMMON_BLOCKS = YES;
				GCC_OPTIMIZATION_LEVEL = 0;
				GCC_PREPROCESSOR_DEFINITIONS = (
					"DEBUG=1",
					"$(inherited)",
				);
				GCC_WARN_64_TO_32_BIT_CONVERSION = YES;
				GCC_WARN_ABOUT_RETURN_TYPE = YES_ERROR;
				GCC_WARN_UNDECLARED_SELECTOR = YES;
				GCC_WARN_UNINITIALIZED_AUTOS = YES_AGGRESSIVE;
				GCC_WARN_UNUSED_FUNCTION = YES;
				GCC_WARN_UNUSED_VARIABLE = YES;
				IPHONEOS_DEPLOYMENT_TARGET = 17.5;
				LOCALIZATION_PREFERS_STRING_CATALOGS = YES;
				MTL_ENABLE_DEBUG_INFO = INCLUDE_SOURCE;
				MTL_FAST_MATH = YES;
				ONLY_ACTIVE_ARCH = YES;
				SDKROOT = iphoneos;
			};
			name = Debug;
		};
		D684F36F2CABC496005C66B6 /* Release */ = {
			isa = XCBuildConfiguration;
			buildSettings = {
				ALWAYS_SEARCH_USER_PATHS = NO;
				ASSETCATALOG_COMPILER_GENERATE_SWIFT_ASSET_SYMBOL_EXTENSIONS = YES;
				CLANG_ANALYZER_NONNULL = YES;
				CLANG_ANALYZER_NUMBER_OBJECT_CONVERSION = YES_AGGRESSIVE;
				CLANG_CXX_LANGUAGE_STANDARD = "gnu++20";
				CLANG_ENABLE_MODULES = YES;
				CLANG_ENABLE_OBJC_ARC = YES;
				CLANG_ENABLE_OBJC_WEAK = YES;
				CLANG_WARN_BLOCK_CAPTURE_AUTORELEASING = YES;
				CLANG_WARN_BOOL_CONVERSION = YES;
				CLANG_WARN_COMMA = YES;
				CLANG_WARN_CONSTANT_CONVERSION = YES;
				CLANG_WARN_DEPRECATED_OBJC_IMPLEMENTATIONS = YES;
				CLANG_WARN_DIRECT_OBJC_ISA_USAGE = YES_ERROR;
				CLANG_WARN_DOCUMENTATION_COMMENTS = YES;
				CLANG_WARN_EMPTY_BODY = YES;
				CLANG_WARN_ENUM_CONVERSION = YES;
				CLANG_WARN_INFINITE_RECURSION = YES;
				CLANG_WARN_INT_CONVERSION = YES;
				CLANG_WARN_NON_LITERAL_NULL_CONVERSION = YES;
				CLANG_WARN_OBJC_IMPLICIT_RETAIN_SELF = YES;
				CLANG_WARN_OBJC_LITERAL_CONVERSION = YES;
				CLANG_WARN_OBJC_ROOT_CLASS = YES_ERROR;
				CLANG_WARN_QUOTED_INCLUDE_IN_FRAMEWORK_HEADER = YES;
				CLANG_WARN_RANGE_LOOP_ANALYSIS = YES;
				CLANG_WARN_STRICT_PROTOTYPES = YES;
				CLANG_WARN_SUSPICIOUS_MOVE = YES;
				CLANG_WARN_UNGUARDED_AVAILABILITY = YES_AGGRESSIVE;
				CLANG_WARN_UNREACHABLE_CODE = YES;
				CLANG_WARN__DUPLICATE_METHOD_MATCH = YES;
				COPY_PHASE_STRIP = NO;
				DEBUG_INFORMATION_FORMAT = "dwarf-with-dsym";
				ENABLE_NS_ASSERTIONS = NO;
				ENABLE_STRICT_OBJC_MSGSEND = YES;
				ENABLE_USER_SCRIPT_SANDBOXING = YES;
				GCC_C_LANGUAGE_STANDARD = gnu17;
				GCC_NO_COMMON_BLOCKS = YES;
				GCC_WARN_64_TO_32_BIT_CONVERSION = YES;
				GCC_WARN_ABOUT_RETURN_TYPE = YES_ERROR;
				GCC_WARN_UNDECLARED_SELECTOR = YES;
				GCC_WARN_UNINITIALIZED_AUTOS = YES_AGGRESSIVE;
				GCC_WARN_UNUSED_FUNCTION = YES;
				GCC_WARN_UNUSED_VARIABLE = YES;
				IPHONEOS_DEPLOYMENT_TARGET = 17.5;
				LOCALIZATION_PREFERS_STRING_CATALOGS = YES;
				MTL_ENABLE_DEBUG_INFO = NO;
				MTL_FAST_MATH = YES;
				SDKROOT = iphoneos;
				VALIDATE_PRODUCT = YES;
			};
			name = Release;
		};
		D684F3712CABC496005C66B6 /* Debug */ = {
			isa = XCBuildConfiguration;
			buildSettings = {
				ASSETCATALOG_COMPILER_APPICON_NAME = AppIcon;
				ASSETCATALOG_COMPILER_GLOBAL_ACCENT_COLOR_NAME = AccentColor;
				CODE_SIGN_STYLE = Automatic;
				CURRENT_PROJECT_VERSION = 1;
				DEVELOPMENT_TEAM = K6LJCT8RAA;
				GENERATE_INFOPLIST_FILE = YES;
				INFOPLIST_FILE = ObjectiveCPageViewController/Info.plist;
				INFOPLIST_KEY_UIApplicationSupportsIndirectInputEvents = YES;
				INFOPLIST_KEY_UILaunchStoryboardName = LaunchScreen;
				INFOPLIST_KEY_UIMainStoryboardFile = Main;
				INFOPLIST_KEY_UISupportedInterfaceOrientations_iPad = "UIInterfaceOrientationPortrait UIInterfaceOrientationPortraitUpsideDown UIInterfaceOrientationLandscapeLeft UIInterfaceOrientationLandscapeRight";
				INFOPLIST_KEY_UISupportedInterfaceOrientations_iPhone = "UIInterfaceOrientationPortrait UIInterfaceOrientationLandscapeLeft UIInterfaceOrientationLandscapeRight";
				LD_RUNPATH_SEARCH_PATHS = (
					"$(inherited)",
					"@executable_path/Frameworks",
				);
				MARKETING_VERSION = 1.0;
				PRODUCT_BUNDLE_IDENTIFIER = com.template.ObjectiveCPageViewController;
				PRODUCT_NAME = "$(TARGET_NAME)";
				SWIFT_EMIT_LOC_STRINGS = YES;
				TARGETED_DEVICE_FAMILY = "1,2";
			};
			name = Debug;
		};
		D684F3722CABC496005C66B6 /* Release */ = {
			isa = XCBuildConfiguration;
			buildSettings = {
				ASSETCATALOG_COMPILER_APPICON_NAME = AppIcon;
				ASSETCATALOG_COMPILER_GLOBAL_ACCENT_COLOR_NAME = AccentColor;
				CODE_SIGN_STYLE = Automatic;
				CURRENT_PROJECT_VERSION = 1;
				DEVELOPMENT_TEAM = K6LJCT8RAA;
				GENERATE_INFOPLIST_FILE = YES;
				INFOPLIST_FILE = ObjectiveCPageViewController/Info.plist;
				INFOPLIST_KEY_UIApplicationSupportsIndirectInputEvents = YES;
				INFOPLIST_KEY_UILaunchStoryboardName = LaunchScreen;
				INFOPLIST_KEY_UIMainStoryboardFile = Main;
				INFOPLIST_KEY_UISupportedInterfaceOrientations_iPad = "UIInterfaceOrientationPortrait UIInterfaceOrientationPortraitUpsideDown UIInterfaceOrientationLandscapeLeft UIInterfaceOrientationLandscapeRight";
				INFOPLIST_KEY_UISupportedInterfaceOrientations_iPhone = "UIInterfaceOrientationPortrait UIInterfaceOrientationLandscapeLeft UIInterfaceOrientationLandscapeRight";
				LD_RUNPATH_SEARCH_PATHS = (
					"$(inherited)",
					"@executable_path/Frameworks",
				);
				MARKETING_VERSION = 1.0;
				PRODUCT_BUNDLE_IDENTIFIER = com.template.ObjectiveCPageViewController;
				PRODUCT_NAME = "$(TARGET_NAME)";
				SWIFT_EMIT_LOC_STRINGS = YES;
				TARGETED_DEVICE_FAMILY = "1,2";
			};
			name = Release;
		};
		D684F3742CABC496005C66B6 /* Debug */ = {
			isa = XCBuildConfiguration;
			buildSettings = {
				BUNDLE_LOADER = "$(TEST_HOST)";
				CODE_SIGN_STYLE = Automatic;
				CURRENT_PROJECT_VERSION = 1;
				DEVELOPMENT_TEAM = K6LJCT8RAA;
				GENERATE_INFOPLIST_FILE = YES;
				IPHONEOS_DEPLOYMENT_TARGET = 17.5;
				MARKETING_VERSION = 1.0;
				PRODUCT_BUNDLE_IDENTIFIER = com.template.ObjectiveCPageViewControllerTests;
				PRODUCT_NAME = "$(TARGET_NAME)";
				SWIFT_EMIT_LOC_STRINGS = NO;
				TARGETED_DEVICE_FAMILY = "1,2";
				TEST_HOST = "$(BUILT_PRODUCTS_DIR)/ObjectiveCPageViewController.app/$(BUNDLE_EXECUTABLE_FOLDER_PATH)/ObjectiveCPageViewController";
			};
			name = Debug;
		};
		D684F3752CABC496005C66B6 /* Release */ = {
			isa = XCBuildConfiguration;
			buildSettings = {
				BUNDLE_LOADER = "$(TEST_HOST)";
				CODE_SIGN_STYLE = Automatic;
				CURRENT_PROJECT_VERSION = 1;
				DEVELOPMENT_TEAM = K6LJCT8RAA;
				GENERATE_INFOPLIST_FILE = YES;
				IPHONEOS_DEPLOYMENT_TARGET = 17.5;
				MARKETING_VERSION = 1.0;
				PRODUCT_BUNDLE_IDENTIFIER = com.template.ObjectiveCPageViewControllerTests;
				PRODUCT_NAME = "$(TARGET_NAME)";
				SWIFT_EMIT_LOC_STRINGS = NO;
				TARGETED_DEVICE_FAMILY = "1,2";
				TEST_HOST = "$(BUILT_PRODUCTS_DIR)/ObjectiveCPageViewController.app/$(BUNDLE_EXECUTABLE_FOLDER_PATH)/ObjectiveCPageViewController";
			};
			name = Release;
		};
		D684F3772CABC496005C66B6 /* Debug */ = {
			isa = XCBuildConfiguration;
			buildSettings = {
				CODE_SIGN_STYLE = Automatic;
				CURRENT_PROJECT_VERSION = 1;
				DEVELOPMENT_TEAM = K6LJCT8RAA;
				GENERATE_INFOPLIST_FILE = YES;
				MARKETING_VERSION = 1.0;
				PRODUCT_BUNDLE_IDENTIFIER = com.template.ObjectiveCPageViewControllerUITests;
				PRODUCT_NAME = "$(TARGET_NAME)";
				SWIFT_EMIT_LOC_STRINGS = NO;
				TARGETED_DEVICE_FAMILY = "1,2";
				TEST_TARGET_NAME = ObjectiveCPageViewController;
			};
			name = Debug;
		};
		D684F3782CABC496005C66B6 /* Release */ = {
			isa = XCBuildConfiguration;
			buildSettings = {
				CODE_SIGN_STYLE = Automatic;
				CURRENT_PROJECT_VERSION = 1;
				DEVELOPMENT_TEAM = K6LJCT8RAA;
				GENERATE_INFOPLIST_FILE = YES;
				MARKETING_VERSION = 1.0;
				PRODUCT_BUNDLE_IDENTIFIER = com.template.ObjectiveCPageViewControllerUITests;
				PRODUCT_NAME = "$(TARGET_NAME)";
				SWIFT_EMIT_LOC_STRINGS = NO;
				TARGETED_DEVICE_FAMILY = "1,2";
				TEST_TARGET_NAME = ObjectiveCPageViewController;
			};
			name = Release;
		};
/* End XCBuildConfiguration section */

/* Begin XCConfigurationList section */
		D684F33C2CABC493005C66B6 /* Build configuration list for PBXProject "ObjectiveCPageViewController" */ = {
			isa = XCConfigurationList;
			buildConfigurations = (
				D684F36E2CABC496005C66B6 /* Debug */,
				D684F36F2CABC496005C66B6 /* Release */,
			);
			defaultConfigurationIsVisible = 0;
			defaultConfigurationName = Release;
		};
		D684F3702CABC496005C66B6 /* Build configuration list for PBXNativeTarget "ObjectiveCPageViewController" */ = {
			isa = XCConfigurationList;
			buildConfigurations = (
				D684F3712CABC496005C66B6 /* Debug */,
				D684F3722CABC496005C66B6 /* Release */,
			);
			defaultConfigurationIsVisible = 0;
			defaultConfigurationName = Release;
		};
		D684F3732CABC496005C66B6 /* Build configuration list for PBXNativeTarget "ObjectiveCPageViewControllerTests" */ = {
			isa = XCConfigurationList;
			buildConfigurations = (
				D684F3742CABC496005C66B6 /* Debug */,
				D684F3752CABC496005C66B6 /* Release */,
			);
			defaultConfigurationIsVisible = 0;
			defaultConfigurationName = Release;
		};
		D684F3762CABC496005C66B6 /* Build configuration list for PBXNativeTarget "ObjectiveCPageViewControllerUITests" */ = {
			isa = XCConfigurationList;
			buildConfigurations = (
				D684F3772CABC496005C66B6 /* Debug */,
				D684F3782CABC496005C66B6 /* Release */,
			);
			defaultConfigurationIsVisible = 0;
			defaultConfigurationName = Release;
		};
/* End XCConfigurationList section */
	};
	rootObject = D684F3392CABC493005C66B6 /* Project object */;
}
